{
  "pins" : [
    {
      "identity" : "swift-aoc-common",
      "kind" : "remoteSourceControl",
      "location" : "https://github.com/CraigCottingham/swift-aoc-common.git",
      "state" : {
        "revision" : "b5555f298ec4c0b31394313282281308efa8230b",
        "version" : "0.1.1"
      }
    },
    {
      "identity" : "swift-argument-parser",
      "kind" : "remoteSourceControl",
      "location" : "https://github.com/apple/swift-argument-parser.git",
      "state" : {
        "revision" : "8f4d2753f0e4778c76d5f05ad16c74f707390531",
        "version" : "1.2.3"
      }
    }
  ],
  "version" : 2
}
